{
  "name": "Web_Project",
  "lockfileVersion": 3,
  "requires": true,
  "packages": {
    "": {
      "dependencies": {
        "@ckeditor/ckeditor5-build-classic": "^43.1.0"
      }
    },
    "node_modules/@ckeditor/ckeditor5-adapter-ckfinder": {
      "version": "43.1.0",
      "resolved": "https://registry.npmjs.org/@ckeditor/ckeditor5-adapter-ckfinder/-/ckeditor5-adapter-ckfinder-43.1.0.tgz",
      "integrity": "sha512-piqmnGIMKhmyZz5sqPj20J9Wtwl3woz18QLH0InUMQK8GMFXmPuX4Nna03FAIzWFidpVnci1pnWlWA9h2l8gMA==",
      "license": "GPL-2.0-or-later",
      "dependencies": {
        "@ckeditor/ckeditor5-core": "43.1.0",
        "@ckeditor/ckeditor5-upload": "43.1.0",
        "ckeditor5": "43.1.0"
      }
    },
    "node_modules/@ckeditor/ckeditor5-alignment": {
      "version": "43.1.0",
      "resolved": "https://registry.npmjs.org/@ckeditor/ckeditor5-alignment/-/ckeditor5-alignment-43.1.0.tgz",
      "integrity": "sha512-zm3Oot1bCq4kRUtdol49Jh/oeN1pMnB4+lBAOOZFDfpmpTKKLJGHSPYpWMXQChBVsEh5tuFJfA5jMVqDtCiXcQ==",
      "license": "GPL-2.0-or-later",
      "dependencies": {
        "@ckeditor/ckeditor5-core": "43.1.0",
        "@ckeditor/ckeditor5-ui": "43.1.0",
        "@ckeditor/ckeditor5-utils": "43.1.0",
        "ckeditor5": "43.1.0"
      }
    },
    "node_modules/@ckeditor/ckeditor5-autoformat": {
      "version": "43.1.0",
      "resolved": "https://registry.npmjs.org/@ckeditor/ckeditor5-autoformat/-/ckeditor5-autoformat-43.1.0.tgz",
      "integrity": "sha512-gjeya6q5LtgCZ2APJw1CuhAfr5YcSeb5qWlbJfSa4Jk7m4UKRLBN6dqWC4XGTJjNE3mnt9KLIswCBgrLPa+Jqw==",
      "license": "GPL-2.0-or-later",
      "dependencies": {
        "@ckeditor/ckeditor5-core": "43.1.0",
        "@ckeditor/ckeditor5-engine": "43.1.0",
        "@ckeditor/ckeditor5-typing": "43.1.0",
        "@ckeditor/ckeditor5-utils": "43.1.0",
        "ckeditor5": "43.1.0"
      }
    },
    "node_modules/@ckeditor/ckeditor5-autosave": {
      "version": "43.1.0",
      "resolved": "https://registry.npmjs.org/@ckeditor/ckeditor5-autosave/-/ckeditor5-autosave-43.1.0.tgz",
      "integrity": "sha512-K66X23NV/BILrdVOex4H1MsWiVa8yoEiecAPA4PWgScvvhZnH/LqZHl/sQG6o3uEr8MGv7ktU5M6+MriS6ANrw==",
      "license": "GPL-2.0-or-later",
      "dependencies": {
        "@ckeditor/ckeditor5-core": "43.1.0",
        "@ckeditor/ckeditor5-utils": "43.1.0",
        "ckeditor5": "43.1.0",
        "lodash-es": "4.17.21"
      }
    },
    "node_modules/@ckeditor/ckeditor5-basic-styles": {
      "version": "43.1.0",
      "resolved": "https://registry.npmjs.org/@ckeditor/ckeditor5-basic-styles/-/ckeditor5-basic-styles-43.1.0.tgz",
      "integrity": "sha512-owXBQzXaukss15HQepoOobew7IhmrFyn2PWmFxIyh2xQIVZDi6X5egsDJ+PlE1R92F6zEPBWH7Yg/9lkrdaMCQ==",
      "license": "GPL-2.0-or-later",
      "dependencies": {
        "@ckeditor/ckeditor5-core": "43.1.0",
        "@ckeditor/ckeditor5-typing": "43.1.0",
        "@ckeditor/ckeditor5-ui": "43.1.0",
        "ckeditor5": "43.1.0"
      }
    },
    "node_modules/@ckeditor/ckeditor5-block-quote": {
      "version": "43.1.0",
      "resolved": "https://registry.npmjs.org/@ckeditor/ckeditor5-block-quote/-/ckeditor5-block-quote-43.1.0.tgz",
      "integrity": "sha512-FDywtv1GAFRnrpYZvEy8BKYzoJQtgB69wk3Q3Dnpezxs6QeQZWZ0Ql8MSQsvwuv8ltO3QWkTn5CakJo2emtuHg==",
      "license": "GPL-2.0-or-later",
      "dependencies": {
        "@ckeditor/ckeditor5-core": "43.1.0",
        "@ckeditor/ckeditor5-enter": "43.1.0",
        "@ckeditor/ckeditor5-typing": "43.1.0",
        "@ckeditor/ckeditor5-ui": "43.1.0",
        "@ckeditor/ckeditor5-utils": "43.1.0",
        "ckeditor5": "43.1.0"
      }
    },
    "node_modules/@ckeditor/ckeditor5-build-classic": {
      "version": "43.1.0",
      "resolved": "https://registry.npmjs.org/@ckeditor/ckeditor5-build-classic/-/ckeditor5-build-classic-43.1.0.tgz",
      "integrity": "sha512-KFk/neEzAUdeRAr4qBPcted+fzH0l2zXufmAefSKk0XQn2btlNGSLYJgFYJQNcqNYyQxBsGCln5FmAfYDJOn2w==",
      "license": "GPL-2.0-or-later",
      "dependencies": {
        "@ckeditor/ckeditor5-adapter-ckfinder": "43.1.0",
        "@ckeditor/ckeditor5-autoformat": "43.1.0",
        "@ckeditor/ckeditor5-basic-styles": "43.1.0",
        "@ckeditor/ckeditor5-block-quote": "43.1.0",
        "@ckeditor/ckeditor5-ckbox": "43.1.0",
        "@ckeditor/ckeditor5-ckfinder": "43.1.0",
        "@ckeditor/ckeditor5-cloud-services": "43.1.0",
        "@ckeditor/ckeditor5-easy-image": "43.1.0",
        "@ckeditor/ckeditor5-editor-classic": "43.1.0",
        "@ckeditor/ckeditor5-essentials": "43.1.0",
        "@ckeditor/ckeditor5-heading": "43.1.0",
        "@ckeditor/ckeditor5-image": "43.1.0",
        "@ckeditor/ckeditor5-indent": "43.1.0",
        "@ckeditor/ckeditor5-link": "43.1.0",
        "@ckeditor/ckeditor5-list": "43.1.0",
        "@ckeditor/ckeditor5-media-embed": "43.1.0",
        "@ckeditor/ckeditor5-paragraph": "43.1.0",
        "@ckeditor/ckeditor5-paste-from-office": "43.1.0",
        "@ckeditor/ckeditor5-table": "43.1.0",
        "@ckeditor/ckeditor5-typing": "43.1.0"
      }
    },
    "node_modules/@ckeditor/ckeditor5-ckbox": {
      "version": "43.1.0",
      "resolved": "https://registry.npmjs.org/@ckeditor/ckeditor5-ckbox/-/ckeditor5-ckbox-43.1.0.tgz",
      "integrity": "sha512-u/vING1W0Ueh4yZcwLI+WCAVRZd4JwfgjmToWde7YNIi2KtR7a3I7v/C7EucJfncOW5gq6FmGComtntZdXqd0g==",
      "license": "GPL-2.0-or-later",
      "dependencies": {
        "@ckeditor/ckeditor5-core": "43.1.0",
        "@ckeditor/ckeditor5-engine": "43.1.0",
        "@ckeditor/ckeditor5-ui": "43.1.0",
        "@ckeditor/ckeditor5-upload": "43.1.0",
        "@ckeditor/ckeditor5-utils": "43.1.0",
        "blurhash": "2.0.5",
        "ckeditor5": "43.1.0",
        "lodash-es": "4.17.21"
      }
    },
    "node_modules/@ckeditor/ckeditor5-ckfinder": {
      "version": "43.1.0",
      "resolved": "https://registry.npmjs.org/@ckeditor/ckeditor5-ckfinder/-/ckeditor5-ckfinder-43.1.0.tgz",
      "integrity": "sha512-jGEjmn2e+CT1YAexrm+uLTePRfsCwM+hsuwPSTxtaKvY/00iq69XlXC+htcLpqsql9p5nUXX+Vp8d7tNEbLb3A==",
      "license": "GPL-2.0-or-later",
      "dependencies": {
        "@ckeditor/ckeditor5-core": "43.1.0",
        "@ckeditor/ckeditor5-ui": "43.1.0",
        "@ckeditor/ckeditor5-utils": "43.1.0",
        "ckeditor5": "43.1.0"
      }
    },
    "node_modules/@ckeditor/ckeditor5-clipboard": {
      "version": "43.1.0",
      "resolved": "https://registry.npmjs.org/@ckeditor/ckeditor5-clipboard/-/ckeditor5-clipboard-43.1.0.tgz",
      "integrity": "sha512-lygPBqxkoNoSjLjr62zBylRKH/TieWaKlG2kfdEaxqQkHmu9dW01vjW7WF/uwIOdv/XwbMdnDo35nP5bjY3pmg==",
      "license": "GPL-2.0-or-later",
      "dependencies": {
        "@ckeditor/ckeditor5-core": "43.1.0",
        "@ckeditor/ckeditor5-engine": "43.1.0",
        "@ckeditor/ckeditor5-ui": "43.1.0",
        "@ckeditor/ckeditor5-utils": "43.1.0",
        "@ckeditor/ckeditor5-widget": "43.1.0",
        "lodash-es": "4.17.21"
      }
    },
    "node_modules/@ckeditor/ckeditor5-cloud-services": {
      "version": "43.1.0",
      "resolved": "https://registry.npmjs.org/@ckeditor/ckeditor5-cloud-services/-/ckeditor5-cloud-services-43.1.0.tgz",
      "integrity": "sha512-VozuhmctuWZysXZFRrOQqdQHcWFak0n+mkA9m43GWmprt76qeUpY8UwMiGhBpSbFU22ecsw5zq8raW8+Ew5uBg==",
      "license": "GPL-2.0-or-later",
      "dependencies": {
        "@ckeditor/ckeditor5-core": "43.1.0",
        "@ckeditor/ckeditor5-utils": "43.1.0",
        "ckeditor5": "43.1.0"
      }
    },
    "node_modules/@ckeditor/ckeditor5-code-block": {
      "version": "43.1.0",
      "resolved": "https://registry.npmjs.org/@ckeditor/ckeditor5-code-block/-/ckeditor5-code-block-43.1.0.tgz",
      "integrity": "sha512-D8q+5o8/ISfbpeIhCF74S4kMtd5ZUX7ps6ITWFqcYTfSDdmL9pIzJZoXXO6Lokc0ZSa+hI27h/pc6cHorpTI8g==",
      "license": "GPL-2.0-or-later",
      "dependencies": {
        "@ckeditor/ckeditor5-clipboard": "43.1.0",
        "@ckeditor/ckeditor5-core": "43.1.0",
        "@ckeditor/ckeditor5-engine": "43.1.0",
        "@ckeditor/ckeditor5-enter": "43.1.0",
        "@ckeditor/ckeditor5-ui": "43.1.0",
        "@ckeditor/ckeditor5-utils": "43.1.0",
        "ckeditor5": "43.1.0"
      }
    },
    "node_modules/@ckeditor/ckeditor5-core": {
      "version": "43.1.0",
      "resolved": "https://registry.npmjs.org/@ckeditor/ckeditor5-core/-/ckeditor5-core-43.1.0.tgz",
      "integrity": "sha512-6yYif17Jmk4ddlOjMD1GK+QjMjQY6wF7knQPGihTZgG0VWV+pu1YG7DhDXfChN9iXHtu5Y2zDQ1CtYhKZzszsQ==",
      "license": "GPL-2.0-or-later",
      "dependencies": {
        "@ckeditor/ckeditor5-engine": "43.1.0",
        "@ckeditor/ckeditor5-utils": "43.1.0",
        "@ckeditor/ckeditor5-watchdog": "43.1.0",
        "lodash-es": "4.17.21"
      }
    },
    "node_modules/@ckeditor/ckeditor5-easy-image": {
      "version": "43.1.0",
      "resolved": "https://registry.npmjs.org/@ckeditor/ckeditor5-easy-image/-/ckeditor5-easy-image-43.1.0.tgz",
      "integrity": "sha512-eKc/B1mpW1rdSXkm91sbDUqDNqCAzJZjlyCzexcgoM7ONeVGT0rZG5xIq8mRDDZuFCiYYNs0lwv2q4jUfe7Btw==",
      "license": "GPL-2.0-or-later",
      "dependencies": {
        "@ckeditor/ckeditor5-core": "43.1.0",
        "@ckeditor/ckeditor5-upload": "43.1.0",
        "@ckeditor/ckeditor5-utils": "43.1.0",
        "ckeditor5": "43.1.0"
      }
    },
    "node_modules/@ckeditor/ckeditor5-editor-balloon": {
      "version": "43.1.0",
      "resolved": "https://registry.npmjs.org/@ckeditor/ckeditor5-editor-balloon/-/ckeditor5-editor-balloon-43.1.0.tgz",
      "integrity": "sha512-9XyE15Gm4REsLGNHUJMh+Cq6+9xmYu8KXrb1d2eo9pdS/99A8YP03UtFq+MMF859QFfTO+FW9MjrR4/hAggJow==",
      "license": "GPL-2.0-or-later",
      "dependencies": {
        "@ckeditor/ckeditor5-core": "43.1.0",
        "@ckeditor/ckeditor5-engine": "43.1.0",
        "@ckeditor/ckeditor5-ui": "43.1.0",
        "@ckeditor/ckeditor5-utils": "43.1.0",
        "ckeditor5": "43.1.0",
        "lodash-es": "4.17.21"
      }
    },
    "node_modules/@ckeditor/ckeditor5-editor-classic": {
      "version": "43.1.0",
      "resolved": "https://registry.npmjs.org/@ckeditor/ckeditor5-editor-classic/-/ckeditor5-editor-classic-43.1.0.tgz",
      "integrity": "sha512-hGul5Yt6Zu43xu4PHHpEDGQvMXi678HT3mbIGRXdqItCePozYnpXcneyROzNLZ2pHbSboKDkDdikQMZXKqefAg==",
      "license": "GPL-2.0-or-later",
      "dependencies": {
        "@ckeditor/ckeditor5-core": "43.1.0",
        "@ckeditor/ckeditor5-engine": "43.1.0",
        "@ckeditor/ckeditor5-ui": "43.1.0",
        "@ckeditor/ckeditor5-utils": "43.1.0",
        "ckeditor5": "43.1.0",
        "lodash-es": "4.17.21"
      }
    },
    "node_modules/@ckeditor/ckeditor5-editor-decoupled": {
      "version": "43.1.0",
      "resolved": "https://registry.npmjs.org/@ckeditor/ckeditor5-editor-decoupled/-/ckeditor5-editor-decoupled-43.1.0.tgz",
      "integrity": "sha512-SbswUcQuaKe8pvPqRth94MOLvMJgCMeB+fXyaJFvSw72ROajQkI83OPM+0OfaccI/NJuukOyoyP3NTIGv/3yLw==",
      "license": "GPL-2.0-or-later",
      "dependencies": {
        "@ckeditor/ckeditor5-core": "43.1.0",
        "@ckeditor/ckeditor5-engine": "43.1.0",
        "@ckeditor/ckeditor5-ui": "43.1.0",
        "@ckeditor/ckeditor5-utils": "43.1.0",
        "ckeditor5": "43.1.0",
        "lodash-es": "4.17.21"
      }
    },
    "node_modules/@ckeditor/ckeditor5-editor-inline": {
      "version": "43.1.0",
      "resolved": "https://registry.npmjs.org/@ckeditor/ckeditor5-editor-inline/-/ckeditor5-editor-inline-43.1.0.tgz",
      "integrity": "sha512-gklBh7kZd4x6PFS7/NURTdxLwPpWiXrWfP7LSQoiS3vV11HnrzEXOgRbYYHxbCxUZWWOuQlYP0Umva34F7IcTA==",
      "license": "GPL-2.0-or-later",
      "dependencies": {
        "@ckeditor/ckeditor5-core": "43.1.0",
        "@ckeditor/ckeditor5-engine": "43.1.0",
        "@ckeditor/ckeditor5-ui": "43.1.0",
        "@ckeditor/ckeditor5-utils": "43.1.0",
        "ckeditor5": "43.1.0",
        "lodash-es": "4.17.21"
      }
    },
    "node_modules/@ckeditor/ckeditor5-editor-multi-root": {
      "version": "43.1.0",
      "resolved": "https://registry.npmjs.org/@ckeditor/ckeditor5-editor-multi-root/-/ckeditor5-editor-multi-root-43.1.0.tgz",
      "integrity": "sha512-dvQ3rtlTvtd48QMutMa3k+DDvf08sjv7/z+F00PWxA1E2yYK0Y2Oap4qwB0JoWAxq4NK+GKcKH8ftVfXoX/2Ow==",
      "license": "GPL-2.0-or-later",
      "dependencies": {
        "@ckeditor/ckeditor5-core": "43.1.0",
        "@ckeditor/ckeditor5-engine": "43.1.0",
        "@ckeditor/ckeditor5-ui": "43.1.0",
        "@ckeditor/ckeditor5-utils": "43.1.0",
        "ckeditor5": "43.1.0",
        "lodash-es": "4.17.21"
      }
    },
    "node_modules/@ckeditor/ckeditor5-engine": {
      "version": "43.1.0",
      "resolved": "https://registry.npmjs.org/@ckeditor/ckeditor5-engine/-/ckeditor5-engine-43.1.0.tgz",
      "integrity": "sha512-f7J5i2HNkbnGeDwIrfxzkV1KvcC6L1diesVYPA9kBa6+8FVy6J9DVUOlWgrufvIe7zkaMbBJKJ9t+GXqWATzmg==",
      "license": "GPL-2.0-or-later",
      "dependencies": {
        "@ckeditor/ckeditor5-utils": "43.1.0",
        "lodash-es": "4.17.21"
      }
    },
    "node_modules/@ckeditor/ckeditor5-enter": {
      "version": "43.1.0",
      "resolved": "https://registry.npmjs.org/@ckeditor/ckeditor5-enter/-/ckeditor5-enter-43.1.0.tgz",
      "integrity": "sha512-9Sd5mecaVvTVJMrDCLUEoGvH4OMm1Gn/jYHBAU3ELZRq6Su8zRi1+3KTBG7m8P91iWDQEIxrVlJICRIPLD8XvA==",
      "license": "GPL-2.0-or-later",
      "dependencies": {
        "@ckeditor/ckeditor5-core": "43.1.0",
        "@ckeditor/ckeditor5-engine": "43.1.0",
        "@ckeditor/ckeditor5-utils": "43.1.0"
      }
    },
    "node_modules/@ckeditor/ckeditor5-essentials": {
      "version": "43.1.0",
      "resolved": "https://registry.npmjs.org/@ckeditor/ckeditor5-essentials/-/ckeditor5-essentials-43.1.0.tgz",
      "integrity": "sha512-bVOOhLa+4VwA16lZokGnj1Pc7mkDAHyLK9zNS9X6kMb6OTouETD17NYZPMDGOOyYybkiUy6pgykxLjPtRKVPSw==",
      "license": "GPL-2.0-or-later",
      "dependencies": {
        "@ckeditor/ckeditor5-clipboard": "43.1.0",
        "@ckeditor/ckeditor5-core": "43.1.0",
        "@ckeditor/ckeditor5-enter": "43.1.0",
        "@ckeditor/ckeditor5-select-all": "43.1.0",
        "@ckeditor/ckeditor5-typing": "43.1.0",
        "@ckeditor/ckeditor5-ui": "43.1.0",
        "@ckeditor/ckeditor5-undo": "43.1.0",
        "ckeditor5": "43.1.0"
      }
    },
    "node_modules/@ckeditor/ckeditor5-find-and-replace": {
      "version": "43.1.0",
      "resolved": "https://registry.npmjs.org/@ckeditor/ckeditor5-find-and-replace/-/ckeditor5-find-and-replace-43.1.0.tgz",
      "integrity": "sha512-x4NvKweCyr9ymSEk6a2OQhm7FNxDBiPuT9xcQ+ZWqtlr79EDo0RX4ISfD83lPvlcq1QJhIP3Ngmi1E5jD7ye9Q==",
      "license": "GPL-2.0-or-later",
      "dependencies": {
        "@ckeditor/ckeditor5-core": "43.1.0",
        "@ckeditor/ckeditor5-ui": "43.1.0",
        "@ckeditor/ckeditor5-utils": "43.1.0",
        "ckeditor5": "43.1.0",
        "lodash-es": "4.17.21"
      }
    },
    "node_modules/@ckeditor/ckeditor5-font": {
      "version": "43.1.0",
      "resolved": "https://registry.npmjs.org/@ckeditor/ckeditor5-font/-/ckeditor5-font-43.1.0.tgz",
      "integrity": "sha512-iHOO5FFt0JXQpj/Jt/ERRLWEU4G3imw0OCNA1n1uZgmQLlOhp9uHj4DxmtuTmH7hy+bPeTNXYRHmccgZ4Uip6Q==",
      "license": "GPL-2.0-or-later",
      "dependencies": {
        "@ckeditor/ckeditor5-core": "43.1.0",
        "@ckeditor/ckeditor5-engine": "43.1.0",
        "@ckeditor/ckeditor5-ui": "43.1.0",
        "@ckeditor/ckeditor5-utils": "43.1.0",
        "ckeditor5": "43.1.0"
      }
    },
    "node_modules/@ckeditor/ckeditor5-heading": {
      "version": "43.1.0",
      "resolved": "https://registry.npmjs.org/@ckeditor/ckeditor5-heading/-/ckeditor5-heading-43.1.0.tgz",
      "integrity": "sha512-s4UlkhY22OVpCxn+3P2XiORJlT6vNbdQKXrh1QSO6O4kmB/KCv79IIOaiW8Wf75dBHKDc6UsjSBNlpLKnPw8DQ==",
      "license": "GPL-2.0-or-later",
      "dependencies": {
        "@ckeditor/ckeditor5-core": "43.1.0",
        "@ckeditor/ckeditor5-engine": "43.1.0",
        "@ckeditor/ckeditor5-paragraph": "43.1.0",
        "@ckeditor/ckeditor5-ui": "43.1.0",
        "@ckeditor/ckeditor5-utils": "43.1.0",
        "ckeditor5": "43.1.0"
      }
    },
    "node_modules/@ckeditor/ckeditor5-highlight": {
      "version": "43.1.0",
      "resolved": "https://registry.npmjs.org/@ckeditor/ckeditor5-highlight/-/ckeditor5-highlight-43.1.0.tgz",
      "integrity": "sha512-42rBHlqo/TgATmCxrwFyD6p/sLzmKupXljZTyNu4vaxz1nlqtLW1jtfYx2Ev9nXNlbvufncNbeeDJjxe9Geh0Q==",
      "license": "GPL-2.0-or-later",
      "dependencies": {
        "@ckeditor/ckeditor5-core": "43.1.0",
        "@ckeditor/ckeditor5-ui": "43.1.0",
        "ckeditor5": "43.1.0"
      }
    },
    "node_modules/@ckeditor/ckeditor5-horizontal-line": {
      "version": "43.1.0",
      "resolved": "https://registry.npmjs.org/@ckeditor/ckeditor5-horizontal-line/-/ckeditor5-horizontal-line-43.1.0.tgz",
      "integrity": "sha512-z+pCNJGCNb1KtPD0A7bQSHc4fOaB60F1M7rJdjgUs46eiOfz7f1lX06gLd0dx22tG9oDbLIaUCMn55JxoVGyEw==",
      "license": "GPL-2.0-or-later",
      "dependencies": {
        "@ckeditor/ckeditor5-core": "43.1.0",
        "@ckeditor/ckeditor5-ui": "43.1.0",
        "@ckeditor/ckeditor5-widget": "43.1.0",
        "ckeditor5": "43.1.0"
      }
    },
    "node_modules/@ckeditor/ckeditor5-html-embed": {
      "version": "43.1.0",
      "resolved": "https://registry.npmjs.org/@ckeditor/ckeditor5-html-embed/-/ckeditor5-html-embed-43.1.0.tgz",
      "integrity": "sha512-sm2ZGZmV0myEl3utlzuRBCn+L1dW8YOUfQpLJ0aDuHn8q5c/U/T8UirdKh8X4DkeTVvvz2C54V1O6p/1WkmnIw==",
      "license": "GPL-2.0-or-later",
      "dependencies": {
        "@ckeditor/ckeditor5-core": "43.1.0",
        "@ckeditor/ckeditor5-ui": "43.1.0",
        "@ckeditor/ckeditor5-utils": "43.1.0",
        "@ckeditor/ckeditor5-widget": "43.1.0",
        "ckeditor5": "43.1.0"
      }
    },
    "node_modules/@ckeditor/ckeditor5-html-support": {
      "version": "43.1.0",
      "resolved": "https://registry.npmjs.org/@ckeditor/ckeditor5-html-support/-/ckeditor5-html-support-43.1.0.tgz",
      "integrity": "sha512-MtKHi1OCrbvzVXckup9XyfGOLTBaINOuYWh8t06X3oiBbKMOL/Qf2v1LAy+fhcIoQUYK9c5BOLdwnPTKYNfwwg==",
      "license": "GPL-2.0-or-later",
      "dependencies": {
        "@ckeditor/ckeditor5-core": "43.1.0",
        "@ckeditor/ckeditor5-engine": "43.1.0",
        "@ckeditor/ckeditor5-enter": "43.1.0",
        "@ckeditor/ckeditor5-utils": "43.1.0",
        "@ckeditor/ckeditor5-widget": "43.1.0",
        "ckeditor5": "43.1.0",
        "lodash-es": "4.17.21"
      }
    },
    "node_modules/@ckeditor/ckeditor5-image": {
      "version": "43.1.0",
      "resolved": "https://registry.npmjs.org/@ckeditor/ckeditor5-image/-/ckeditor5-image-43.1.0.tgz",
      "integrity": "sha512-ZcX4nR34zhk27kWJfQji2zpVkwdCn94JuYcUBYKk8WzecdfP535mynIW3q9jSpiCpwoj2RBCupgM8BstlByj/w==",
      "license": "GPL-2.0-or-later",
      "dependencies": {
        "@ckeditor/ckeditor5-clipboard": "43.1.0",
        "@ckeditor/ckeditor5-core": "43.1.0",
        "@ckeditor/ckeditor5-engine": "43.1.0",
        "@ckeditor/ckeditor5-typing": "43.1.0",
        "@ckeditor/ckeditor5-ui": "43.1.0",
        "@ckeditor/ckeditor5-undo": "43.1.0",
        "@ckeditor/ckeditor5-upload": "43.1.0",
        "@ckeditor/ckeditor5-utils": "43.1.0",
        "@ckeditor/ckeditor5-widget": "43.1.0",
        "ckeditor5": "43.1.0",
        "lodash-es": "4.17.21"
      }
    },
    "node_modules/@ckeditor/ckeditor5-indent": {
      "version": "43.1.0",
      "resolved": "https://registry.npmjs.org/@ckeditor/ckeditor5-indent/-/ckeditor5-indent-43.1.0.tgz",
      "integrity": "sha512-4EmCg8CxBNGdtK9eOyf5xWN1pXdNDRrErLfLffNNFLvEWZtwN+I11WDHzVCappqZX1Br5kRigaDEYLlDB0q5Yw==",
      "license": "GPL-2.0-or-later",
      "dependencies": {
        "@ckeditor/ckeditor5-core": "43.1.0",
        "@ckeditor/ckeditor5-engine": "43.1.0",
        "@ckeditor/ckeditor5-ui": "43.1.0",
        "@ckeditor/ckeditor5-utils": "43.1.0",
        "ckeditor5": "43.1.0"
      }
    },
    "node_modules/@ckeditor/ckeditor5-language": {
      "version": "43.1.0",
      "resolved": "https://registry.npmjs.org/@ckeditor/ckeditor5-language/-/ckeditor5-language-43.1.0.tgz",
      "integrity": "sha512-c+kEy5rIjfzGOfQfmCxwvh8a0qju1dFLaYFRhDTD8TBPHW2iMDsX+AcysblxvdBdZWd1MBzJKWhykqxJFPMTCA==",
      "license": "GPL-2.0-or-later",
      "dependencies": {
        "@ckeditor/ckeditor5-core": "43.1.0",
        "@ckeditor/ckeditor5-ui": "43.1.0",
        "@ckeditor/ckeditor5-utils": "43.1.0",
        "ckeditor5": "43.1.0"
      }
    },
    "node_modules/@ckeditor/ckeditor5-link": {
      "version": "43.1.0",
      "resolved": "https://registry.npmjs.org/@ckeditor/ckeditor5-link/-/ckeditor5-link-43.1.0.tgz",
      "integrity": "sha512-Ait1Ox85lTi/OeFwC4dDNcBJ8FEoLWS6BOZ9TPT4lAOTcrtbSFB4osbFdaix527oDErSXFQJylcVyGQ3o02Fpg==",
      "license": "GPL-2.0-or-later",
      "dependencies": {
        "@ckeditor/ckeditor5-clipboard": "43.1.0",
        "@ckeditor/ckeditor5-core": "43.1.0",
        "@ckeditor/ckeditor5-engine": "43.1.0",
        "@ckeditor/ckeditor5-typing": "43.1.0",
        "@ckeditor/ckeditor5-ui": "43.1.0",
        "@ckeditor/ckeditor5-utils": "43.1.0",
        "@ckeditor/ckeditor5-widget": "43.1.0",
        "ckeditor5": "43.1.0",
        "lodash-es": "4.17.21"
      }
    },
    "node_modules/@ckeditor/ckeditor5-list": {
      "version": "43.1.0",
      "resolved": "https://registry.npmjs.org/@ckeditor/ckeditor5-list/-/ckeditor5-list-43.1.0.tgz",
      "integrity": "sha512-H0i8NTq7TECb94b8/9I4BF7nfbKjs/JAqFfNXVmBx8UlsCHOC5w1zJX0p1mOKM1ffnAJSBtL5E0yDRk6+MlhQQ==",
      "license": "GPL-2.0-or-later",
      "dependencies": {
        "@ckeditor/ckeditor5-clipboard": "43.1.0",
        "@ckeditor/ckeditor5-core": "43.1.0",
        "@ckeditor/ckeditor5-engine": "43.1.0",
        "@ckeditor/ckeditor5-enter": "43.1.0",
        "@ckeditor/ckeditor5-typing": "43.1.0",
        "@ckeditor/ckeditor5-ui": "43.1.0",
        "@ckeditor/ckeditor5-utils": "43.1.0",
        "ckeditor5": "43.1.0"
      }
    },
    "node_modules/@ckeditor/ckeditor5-markdown-gfm": {
      "version": "43.1.0",
      "resolved": "https://registry.npmjs.org/@ckeditor/ckeditor5-markdown-gfm/-/ckeditor5-markdown-gfm-43.1.0.tgz",
      "integrity": "sha512-oQi0VKylIZiJQLsEqpxReVMJC3nLKJUbqaEO6HgXjzS8Cn/dOqCjzDMf1lAI8JiWPb3eevYnIShwZ5xfZ7XHoQ==",
      "license": "GPL-2.0-or-later",
      "dependencies": {
        "@ckeditor/ckeditor5-clipboard": "43.1.0",
        "@ckeditor/ckeditor5-core": "43.1.0",
        "@ckeditor/ckeditor5-engine": "43.1.0",
        "ckeditor5": "43.1.0",
        "marked": "4.0.12",
        "turndown": "7.2.0",
        "turndown-plugin-gfm": "1.0.2"
      }
    },
    "node_modules/@ckeditor/ckeditor5-media-embed": {
      "version": "43.1.0",
      "resolved": "https://registry.npmjs.org/@ckeditor/ckeditor5-media-embed/-/ckeditor5-media-embed-43.1.0.tgz",
      "integrity": "sha512-pRsFPCLgLDOH8qFlCueRswJ4GZq76st/LMSC8T3Af1heuetoL39us1eVD2psOviBJoFrI+Hxw3YF5TNX0zsfjw==",
      "license": "GPL-2.0-or-later",
      "dependencies": {
        "@ckeditor/ckeditor5-clipboard": "43.1.0",
        "@ckeditor/ckeditor5-core": "43.1.0",
        "@ckeditor/ckeditor5-engine": "43.1.0",
        "@ckeditor/ckeditor5-typing": "43.1.0",
        "@ckeditor/ckeditor5-ui": "43.1.0",
        "@ckeditor/ckeditor5-undo": "43.1.0",
        "@ckeditor/ckeditor5-utils": "43.1.0",
        "@ckeditor/ckeditor5-widget": "43.1.0",
        "ckeditor5": "43.1.0"
      }
    },
    "node_modules/@ckeditor/ckeditor5-mention": {
      "version": "43.1.0",
      "resolved": "https://registry.npmjs.org/@ckeditor/ckeditor5-mention/-/ckeditor5-mention-43.1.0.tgz",
      "integrity": "sha512-qIHcw7oNZmEaa3KKZSJC63fs4ZOYcfdrLF4An4ZpCbEHWiGFwVaakhuqWWEtLGQNGIFEFq+NPOhOFcpSWUFEAA==",
      "license": "GPL-2.0-or-later",
      "dependencies": {
        "@ckeditor/ckeditor5-core": "43.1.0",
        "@ckeditor/ckeditor5-typing": "43.1.0",
        "@ckeditor/ckeditor5-ui": "43.1.0",
        "@ckeditor/ckeditor5-utils": "43.1.0",
        "ckeditor5": "43.1.0",
        "lodash-es": "4.17.21"
      }
    },
    "node_modules/@ckeditor/ckeditor5-minimap": {
      "version": "43.1.0",
      "resolved": "https://registry.npmjs.org/@ckeditor/ckeditor5-minimap/-/ckeditor5-minimap-43.1.0.tgz",
      "integrity": "sha512-06UmpE2Ifyi2lfpyCws+7U4IsG0CSUbnGKIiUyUgLUlPtz0+GTjhY/jgVQrjZxDTZ7WXASYVZftIhs7yMQxb+Q==",
      "license": "GPL-2.0-or-later",
      "dependencies": {
        "@ckeditor/ckeditor5-core": "43.1.0",
        "@ckeditor/ckeditor5-engine": "43.1.0",
        "@ckeditor/ckeditor5-ui": "43.1.0",
        "@ckeditor/ckeditor5-utils": "43.1.0",
        "ckeditor5": "43.1.0"
      }
    },
    "node_modules/@ckeditor/ckeditor5-page-break": {
      "version": "43.1.0",
      "resolved": "https://registry.npmjs.org/@ckeditor/ckeditor5-page-break/-/ckeditor5-page-break-43.1.0.tgz",
      "integrity": "sha512-ZACq6wjhJ2WgH0EutRMf1b/u5ZMed6zEzUrQAl5XGnZQ1zUJmCogk8vMoUJLOF2Ff0tPWg86NjhBNyU5TpexGg==",
      "license": "GPL-2.0-or-later",
      "dependencies": {
        "@ckeditor/ckeditor5-core": "43.1.0",
        "@ckeditor/ckeditor5-ui": "43.1.0",
        "@ckeditor/ckeditor5-widget": "43.1.0",
        "ckeditor5": "43.1.0"
      }
    },
    "node_modules/@ckeditor/ckeditor5-paragraph": {
      "version": "43.1.0",
      "resolved": "https://registry.npmjs.org/@ckeditor/ckeditor5-paragraph/-/ckeditor5-paragraph-43.1.0.tgz",
      "integrity": "sha512-LxG65TYrareVcj8DDpnXcIPqOsCawvsl3x6tgFp96ybAAyQC+VPDpjbQle04sCWR6jx8izcHcdCIeT36CWcZnw==",
      "license": "GPL-2.0-or-later",
      "dependencies": {
        "@ckeditor/ckeditor5-core": "43.1.0",
        "@ckeditor/ckeditor5-ui": "43.1.0",
        "@ckeditor/ckeditor5-utils": "43.1.0"
      }
    },
    "node_modules/@ckeditor/ckeditor5-paste-from-office": {
      "version": "43.1.0",
      "resolved": "https://registry.npmjs.org/@ckeditor/ckeditor5-paste-from-office/-/ckeditor5-paste-from-office-43.1.0.tgz",
      "integrity": "sha512-jmOiPmLR3mXYDHGw+dZ/jSHpk9olKDOlQajJlME/SwAZ7o/GD6BrVd3if+hNzPaQVFbrIo/2wX2DBdAZcM0Ocg==",
      "license": "GPL-2.0-or-later",
      "dependencies": {
        "@ckeditor/ckeditor5-clipboard": "43.1.0",
        "@ckeditor/ckeditor5-core": "43.1.0",
        "@ckeditor/ckeditor5-engine": "43.1.0",
        "ckeditor5": "43.1.0"
      }
    },
    "node_modules/@ckeditor/ckeditor5-remove-format": {
      "version": "43.1.0",
      "resolved": "https://registry.npmjs.org/@ckeditor/ckeditor5-remove-format/-/ckeditor5-remove-format-43.1.0.tgz",
      "integrity": "sha512-sP3zrhLR5WtRqttCq6bT/MjOXwpIxD2jJj6u44dT0MRiyQoglpkWi5pnHeO5m6aWH6ZcQb0zegY46r3/IcgSFA==",
      "license": "GPL-2.0-or-later",
      "dependencies": {
        "@ckeditor/ckeditor5-core": "43.1.0",
        "@ckeditor/ckeditor5-ui": "43.1.0",
        "@ckeditor/ckeditor5-utils": "43.1.0",
        "ckeditor5": "43.1.0"
      }
    },
    "node_modules/@ckeditor/ckeditor5-restricted-editing": {
      "version": "43.1.0",
      "resolved": "https://registry.npmjs.org/@ckeditor/ckeditor5-restricted-editing/-/ckeditor5-restricted-editing-43.1.0.tgz",
      "integrity": "sha512-m0QZNngQOZc0uX4v6STHDy9Yfels/+hajvNSjoQG+GNjnDvDqSoyfEhaD/0qWyjKaPxxTAdZ53QImjkteZV+Nw==",
      "license": "GPL-2.0-or-later",
      "dependencies": {
        "@ckeditor/ckeditor5-core": "43.1.0",
        "@ckeditor/ckeditor5-engine": "43.1.0",
        "@ckeditor/ckeditor5-ui": "43.1.0",
        "@ckeditor/ckeditor5-utils": "43.1.0",
        "ckeditor5": "43.1.0"
      }
    },
    "node_modules/@ckeditor/ckeditor5-select-all": {
      "version": "43.1.0",
      "resolved": "https://registry.npmjs.org/@ckeditor/ckeditor5-select-all/-/ckeditor5-select-all-43.1.0.tgz",
      "integrity": "sha512-qjIpx9TDBf1dJQOWrGcMXhr7mu1T/cw8zeH72ut9YrrGVLOcTZW1LjJ36AlTuRpGPc6eJqXuZhC9Li0SenNwJg==",
      "license": "GPL-2.0-or-later",
      "dependencies": {
        "@ckeditor/ckeditor5-core": "43.1.0",
        "@ckeditor/ckeditor5-ui": "43.1.0",
        "@ckeditor/ckeditor5-utils": "43.1.0"
      }
    },
    "node_modules/@ckeditor/ckeditor5-show-blocks": {
      "version": "43.1.0",
      "resolved": "https://registry.npmjs.org/@ckeditor/ckeditor5-show-blocks/-/ckeditor5-show-blocks-43.1.0.tgz",
      "integrity": "sha512-7pYTRiGqlC61YnzEHa231gkehxqU2bOWPuvzH0y3r14ahBXfmwk91J6gl6L7YyEryBhw3RTxr5XdBKMgoCXtKg==",
      "license": "GPL-2.0-or-later",
      "dependencies": {
        "@ckeditor/ckeditor5-core": "43.1.0",
        "@ckeditor/ckeditor5-ui": "43.1.0",
        "ckeditor5": "43.1.0"
      }
    },
    "node_modules/@ckeditor/ckeditor5-source-editing": {
      "version": "43.1.0",
      "resolved": "https://registry.npmjs.org/@ckeditor/ckeditor5-source-editing/-/ckeditor5-source-editing-43.1.0.tgz",
      "integrity": "sha512-Iz8OZc+5D7bNbOw4T33RhFDMjukNSSQ9Ico6R+wHT+iNfAvvf768P18e3RaDnl5BlMA7Cs4vMUmya7Q2rnf0BA==",
      "license": "GPL-2.0-or-later",
      "dependencies": {
        "@ckeditor/ckeditor5-core": "43.1.0",
        "@ckeditor/ckeditor5-theme-lark": "43.1.0",
        "@ckeditor/ckeditor5-ui": "43.1.0",
        "@ckeditor/ckeditor5-utils": "43.1.0",
        "ckeditor5": "43.1.0"
      }
    },
    "node_modules/@ckeditor/ckeditor5-special-characters": {
      "version": "43.1.0",
      "resolved": "https://registry.npmjs.org/@ckeditor/ckeditor5-special-characters/-/ckeditor5-special-characters-43.1.0.tgz",
      "integrity": "sha512-nMRJ82qIlp51qBooOcnsVTPIaTJnoyn+hkFRMwQlGHaS5h/Xaq3hSAXGbzqL6B8vnU6RcE3NLZ1ONWBpWv8EVw==",
      "license": "GPL-2.0-or-later",
      "dependencies": {
        "@ckeditor/ckeditor5-core": "43.1.0",
        "@ckeditor/ckeditor5-typing": "43.1.0",
        "@ckeditor/ckeditor5-ui": "43.1.0",
        "@ckeditor/ckeditor5-utils": "43.1.0",
        "ckeditor5": "43.1.0"
      }
    },
    "node_modules/@ckeditor/ckeditor5-style": {
      "version": "43.1.0",
      "resolved": "https://registry.npmjs.org/@ckeditor/ckeditor5-style/-/ckeditor5-style-43.1.0.tgz",
      "integrity": "sha512-nk221SN7sKjB+cnaxoqJUYM0aZWR1YjZ2Xr2u38yXprEZK4GbTEXURySU43j/2IJCaQQirCpmf/0+MvduX1SLQ==",
      "license": "GPL-2.0-or-later",
      "dependencies": {
        "@ckeditor/ckeditor5-core": "43.1.0",
        "@ckeditor/ckeditor5-typing": "43.1.0",
        "@ckeditor/ckeditor5-ui": "43.1.0",
        "@ckeditor/ckeditor5-utils": "43.1.0",
        "ckeditor5": "43.1.0",
        "lodash-es": "4.17.21"
      }
    },
    "node_modules/@ckeditor/ckeditor5-table": {
      "version": "43.1.0",
      "resolved": "https://registry.npmjs.org/@ckeditor/ckeditor5-table/-/ckeditor5-table-43.1.0.tgz",
      "integrity": "sha512-vCVV+WR/Ae2L2lRFLCY2MFh5jcamrBeLkygfJRVllul6TH/kHfaM4ZsfHYL2fn70NfKRvxHRRT9Km14OIBN6kQ==",
      "license": "GPL-2.0-or-later",
      "dependencies": {
        "@ckeditor/ckeditor5-clipboard": "43.1.0",
        "@ckeditor/ckeditor5-core": "43.1.0",
        "@ckeditor/ckeditor5-engine": "43.1.0",
        "@ckeditor/ckeditor5-ui": "43.1.0",
        "@ckeditor/ckeditor5-utils": "43.1.0",
        "@ckeditor/ckeditor5-widget": "43.1.0",
        "ckeditor5": "43.1.0",
        "lodash-es": "4.17.21"
      }
    },
    "node_modules/@ckeditor/ckeditor5-theme-lark": {
      "version": "43.1.0",
      "resolved": "https://registry.npmjs.org/@ckeditor/ckeditor5-theme-lark/-/ckeditor5-theme-lark-43.1.0.tgz",
      "integrity": "sha512-slYiSdG2ZRSyysO7ApjLcrys1v8QgR6jOAXunEgRrtV/LsPOMjIYLzf9Dyu6oas2NjJdoIsYmwYL9mbP4llbNA==",
      "license": "GPL-2.0-or-later",
      "dependencies": {
        "@ckeditor/ckeditor5-ui": "43.1.0"
      }
    },
    "node_modules/@ckeditor/ckeditor5-typing": {
      "version": "43.1.0",
      "resolved": "https://registry.npmjs.org/@ckeditor/ckeditor5-typing/-/ckeditor5-typing-43.1.0.tgz",
      "integrity": "sha512-ifStLKsirZl95yxrENFpwgsVvVMVgS2vz67++6Gn0YjZ/xAZg6fiLd/cFiH81KLhvei4Lx4LuUM1AIXwBnjHAA==",
      "license": "GPL-2.0-or-later",
      "dependencies": {
        "@ckeditor/ckeditor5-core": "43.1.0",
        "@ckeditor/ckeditor5-engine": "43.1.0",
        "@ckeditor/ckeditor5-utils": "43.1.0",
        "lodash-es": "4.17.21"
      }
    },
    "node_modules/@ckeditor/ckeditor5-ui": {
      "version": "43.1.0",
      "resolved": "https://registry.npmjs.org/@ckeditor/ckeditor5-ui/-/ckeditor5-ui-43.1.0.tgz",
      "integrity": "sha512-8psxBRJa4wDxpPqvkEgitwLKIp5l7AK9aHNZAVqi3j8ZFjC2K37ZYrM57Vi9KM/nQtLenZ1Z/RTCXpYofNgZhg==",
      "license": "GPL-2.0-or-later",
      "dependencies": {
        "@ckeditor/ckeditor5-core": "43.1.0",
        "@ckeditor/ckeditor5-engine": "43.1.0",
        "@ckeditor/ckeditor5-utils": "43.1.0",
        "color-convert": "2.0.1",
        "color-parse": "1.4.2",
        "lodash-es": "4.17.21",
        "vanilla-colorful": "0.7.2"
      }
    },
    "node_modules/@ckeditor/ckeditor5-undo": {
      "version": "43.1.0",
      "resolved": "https://registry.npmjs.org/@ckeditor/ckeditor5-undo/-/ckeditor5-undo-43.1.0.tgz",
      "integrity": "sha512-9+tJ4hn3jy70yWOULjQAsi7P7QRA3bU26l2fvF9LizjX7CdmhQ76FS5zh4DEq6LDnvFWRgo4myTsiTZKuDdKAg==",
      "license": "GPL-2.0-or-later",
      "dependencies": {
        "@ckeditor/ckeditor5-core": "43.1.0",
        "@ckeditor/ckeditor5-engine": "43.1.0",
        "@ckeditor/ckeditor5-ui": "43.1.0"
      }
    },
    "node_modules/@ckeditor/ckeditor5-upload": {
      "version": "43.1.0",
      "resolved": "https://registry.npmjs.org/@ckeditor/ckeditor5-upload/-/ckeditor5-upload-43.1.0.tgz",
      "integrity": "sha512-1jOqTPyTEiM7Cg/5fCBrz7ixisIofR2aiTc1Nju8ceFsBfDNN7+mM1VyxgVZ772wulhcA0uceledNQJqAqXOfQ==",
      "license": "GPL-2.0-or-later",
      "dependencies": {
        "@ckeditor/ckeditor5-core": "43.1.0",
        "@ckeditor/ckeditor5-utils": "43.1.0"
      }
    },
    "node_modules/@ckeditor/ckeditor5-utils": {
      "version": "43.1.0",
      "resolved": "https://registry.npmjs.org/@ckeditor/ckeditor5-utils/-/ckeditor5-utils-43.1.0.tgz",
      "integrity": "sha512-yZM+MNdci0QXeDML3Q7ya6NXaFLb9qGH3NN531aqNfFxgcWaHLdpwiJFjLZpR2wXlAFzC2gIE6QhFUBp8+Z16w==",
      "license": "GPL-2.0-or-later",
      "dependencies": {
        "lodash-es": "4.17.21"
      }
    },
    "node_modules/@ckeditor/ckeditor5-watchdog": {
      "version": "43.1.0",
      "resolved": "https://registry.npmjs.org/@ckeditor/ckeditor5-watchdog/-/ckeditor5-watchdog-43.1.0.tgz",
      "integrity": "sha512-hzLjIxtDPzPdPkaH9EKnrNBiNyDoEoR96od4eDXp2avW3se0VbtTBgEU+N/1MgE58VPXdpCD9U1FWFjrwKZ34A==",
      "license": "GPL-2.0-or-later",
      "dependencies": {
        "lodash-es": "4.17.21"
      }
    },
    "node_modules/@ckeditor/ckeditor5-widget": {
      "version": "43.1.0",
      "resolved": "https://registry.npmjs.org/@ckeditor/ckeditor5-widget/-/ckeditor5-widget-43.1.0.tgz",
      "integrity": "sha512-bmeCGRyGYWY3OOZ69sOF04f37eVnIbnUuFWNObx8mN7jGWv+EYf9LsV0b4CuOkzBUTa7gSuYTMg94tUAUiYDbQ==",
      "license": "GPL-2.0-or-later",
      "dependencies": {
        "@ckeditor/ckeditor5-core": "43.1.0",
        "@ckeditor/ckeditor5-engine": "43.1.0",
        "@ckeditor/ckeditor5-enter": "43.1.0",
        "@ckeditor/ckeditor5-typing": "43.1.0",
        "@ckeditor/ckeditor5-ui": "43.1.0",
        "@ckeditor/ckeditor5-utils": "43.1.0",
        "lodash-es": "4.17.21"
      }
    },
    "node_modules/@ckeditor/ckeditor5-word-count": {
      "version": "43.1.0",
      "resolved": "https://registry.npmjs.org/@ckeditor/ckeditor5-word-count/-/ckeditor5-word-count-43.1.0.tgz",
      "integrity": "sha512-77ZqKCPR9NF1Ovff556I7xARGtcT+S3JtR9EjGTja41xtmBs0iQL5+BCENfwLOq9Cudmr//O0iHcM2JzvAbz1A==",
      "license": "GPL-2.0-or-later",
      "dependencies": {
        "@ckeditor/ckeditor5-core": "43.1.0",
        "@ckeditor/ckeditor5-ui": "43.1.0",
        "@ckeditor/ckeditor5-utils": "43.1.0",
        "ckeditor5": "43.1.0",
        "lodash-es": "4.17.21"
      }
    },
    "node_modules/@mixmark-io/domino": {
      "version": "2.2.0",
      "resolved": "https://registry.npmjs.org/@mixmark-io/domino/-/domino-2.2.0.tgz",
      "integrity": "sha512-Y28PR25bHXUg88kCV7nivXrP2Nj2RueZ3/l/jdx6J9f8J4nsEGcgX0Qe6lt7Pa+J79+kPiJU3LguR6O/6zrLOw==",
      "license": "BSD-2-Clause"
    },
    "node_modules/blurhash": {
      "version": "2.0.5",
      "resolved": "https://registry.npmjs.org/blurhash/-/blurhash-2.0.5.tgz",
      "integrity": "sha512-cRygWd7kGBQO3VEhPiTgq4Wc43ctsM+o46urrmPOiuAe+07fzlSB9OJVdpgDL0jPqXUVQ9ht7aq7kxOeJHRK+w==",
      "license": "MIT"
    },
    "node_modules/ckeditor5": {
      "version": "43.1.0",
      "resolved": "https://registry.npmjs.org/ckeditor5/-/ckeditor5-43.1.0.tgz",
      "integrity": "sha512-zjTlQkNiMsjgK363GWCuFgQHDm1mrxZioCsiC7xWdFaeD11HHAikjAfCC5PgcdNVqt+wwiQ28QLqLWksH9b3Jw==",
      "license": "GPL-2.0-or-later",
      "dependencies": {
        "@ckeditor/ckeditor5-adapter-ckfinder": "43.1.0",
        "@ckeditor/ckeditor5-alignment": "43.1.0",
        "@ckeditor/ckeditor5-autoformat": "43.1.0",
        "@ckeditor/ckeditor5-autosave": "43.1.0",
        "@ckeditor/ckeditor5-basic-styles": "43.1.0",
        "@ckeditor/ckeditor5-block-quote": "43.1.0",
        "@ckeditor/ckeditor5-ckbox": "43.1.0",
        "@ckeditor/ckeditor5-ckfinder": "43.1.0",
        "@ckeditor/ckeditor5-clipboard": "43.1.0",
        "@ckeditor/ckeditor5-cloud-services": "43.1.0",
        "@ckeditor/ckeditor5-code-block": "43.1.0",
        "@ckeditor/ckeditor5-core": "43.1.0",
        "@ckeditor/ckeditor5-easy-image": "43.1.0",
        "@ckeditor/ckeditor5-editor-balloon": "43.1.0",
        "@ckeditor/ckeditor5-editor-classic": "43.1.0",
        "@ckeditor/ckeditor5-editor-decoupled": "43.1.0",
        "@ckeditor/ckeditor5-editor-inline": "43.1.0",
        "@ckeditor/ckeditor5-editor-multi-root": "43.1.0",
        "@ckeditor/ckeditor5-engine": "43.1.0",
        "@ckeditor/ckeditor5-enter": "43.1.0",
        "@ckeditor/ckeditor5-essentials": "43.1.0",
        "@ckeditor/ckeditor5-find-and-replace": "43.1.0",
        "@ckeditor/ckeditor5-font": "43.1.0",
        "@ckeditor/ckeditor5-heading": "43.1.0",
        "@ckeditor/ckeditor5-highlight": "43.1.0",
        "@ckeditor/ckeditor5-horizontal-line": "43.1.0",
        "@ckeditor/ckeditor5-html-embed": "43.1.0",
        "@ckeditor/ckeditor5-html-support": "43.1.0",
        "@ckeditor/ckeditor5-image": "43.1.0",
        "@ckeditor/ckeditor5-indent": "43.1.0",
        "@ckeditor/ckeditor5-language": "43.1.0",
        "@ckeditor/ckeditor5-link": "43.1.0",
        "@ckeditor/ckeditor5-list": "43.1.0",
        "@ckeditor/ckeditor5-markdown-gfm": "43.1.0",
        "@ckeditor/ckeditor5-media-embed": "43.1.0",
        "@ckeditor/ckeditor5-mention": "43.1.0",
        "@ckeditor/ckeditor5-minimap": "43.1.0",
        "@ckeditor/ckeditor5-page-break": "43.1.0",
        "@ckeditor/ckeditor5-paragraph": "43.1.0",
        "@ckeditor/ckeditor5-paste-from-office": "43.1.0",
        "@ckeditor/ckeditor5-remove-format": "43.1.0",
        "@ckeditor/ckeditor5-restricted-editing": "43.1.0",
        "@ckeditor/ckeditor5-select-all": "43.1.0",
        "@ckeditor/ckeditor5-show-blocks": "43.1.0",
        "@ckeditor/ckeditor5-source-editing": "43.1.0",
        "@ckeditor/ckeditor5-special-characters": "43.1.0",
        "@ckeditor/ckeditor5-style": "43.1.0",
        "@ckeditor/ckeditor5-table": "43.1.0",
        "@ckeditor/ckeditor5-theme-lark": "43.1.0",
        "@ckeditor/ckeditor5-typing": "43.1.0",
        "@ckeditor/ckeditor5-ui": "43.1.0",
        "@ckeditor/ckeditor5-undo": "43.1.0",
        "@ckeditor/ckeditor5-upload": "43.1.0",
        "@ckeditor/ckeditor5-utils": "43.1.0",
        "@ckeditor/ckeditor5-watchdog": "43.1.0",
        "@ckeditor/ckeditor5-widget": "43.1.0",
        "@ckeditor/ckeditor5-word-count": "43.1.0"
      }
    },
    "node_modules/color-convert": {
      "version": "2.0.1",
      "resolved": "https://registry.npmjs.org/color-convert/-/color-convert-2.0.1.tgz",
      "integrity": "sha512-RRECPsj7iu/xb5oKYcsFHSppFNnsj/52OVTRKb4zP5onXwVF3zVmmToNcOfGC+CRDpfK/U584fMg38ZHCaElKQ==",
      "license": "MIT",
      "dependencies": {
        "color-name": "~1.1.4"
      },
      "engines": {
        "node": ">=7.0.0"
      }
    },
    "node_modules/color-name": {
      "version": "1.1.4",
      "resolved": "https://registry.npmjs.org/color-name/-/color-name-1.1.4.tgz",
      "integrity": "sha512-dOy+3AuW3a2wNbZHIuMZpTcgjGuLU/uBL/ubcZF9OXbDo8ff4O8yVp5Bf0efS8uEoYo5q4Fx7dY9OgQGXgAsQA==",
      "license": "MIT"
    },
    "node_modules/color-parse": {
      "version": "1.4.2",
      "resolved": "https://registry.npmjs.org/color-parse/-/color-parse-1.4.2.tgz",
      "integrity": "sha512-RI7s49/8yqDj3fECFZjUI1Yi0z/Gq1py43oNJivAIIDSyJiOZLfYCRQEgn8HEVAj++PcRe8AnL2XF0fRJ3BTnA==",
      "license": "MIT",
      "dependencies": {
        "color-name": "^1.0.0"
      }
    },
    "node_modules/lodash-es": {
      "version": "4.17.21",
      "resolved": "https://registry.npmjs.org/lodash-es/-/lodash-es-4.17.21.tgz",
      "integrity": "sha512-mKnC+QJ9pWVzv+C4/U3rRsHapFfHvQFoFB92e52xeyGMcX6/OlIl78je1u8vePzYZSkkogMPJ2yjxxsb89cxyw==",
      "license": "MIT"
    },
    "node_modules/marked": {
      "version": "4.0.12",
      "resolved": "https://registry.npmjs.org/marked/-/marked-4.0.12.tgz",
      "integrity": "sha512-hgibXWrEDNBWgGiK18j/4lkS6ihTe9sxtV4Q1OQppb/0zzyPSzoFANBa5MfsG/zgsWklmNnhm0XACZOH/0HBiQ==",
      "license": "MIT",
      "bin": {
        "marked": "bin/marked.js"
      },
      "engines": {
        "node": ">= 12"
      }
    },
    "node_modules/turndown": {
      "version": "7.2.0",
      "resolved": "https://registry.npmjs.org/turndown/-/turndown-7.2.0.tgz",
      "integrity": "sha512-eCZGBN4nNNqM9Owkv9HAtWRYfLA4h909E/WGAWWBpmB275ehNhZyk87/Tpvjbp0jjNl9XwCsbe6bm6CqFsgD+A==",
      "license": "MIT",
      "dependencies": {
        "@mixmark-io/domino": "^2.2.0"
      }
    },
    "node_modules/turndown-plugin-gfm": {
      "version": "1.0.2",
      "resolved": "https://registry.npmjs.org/turndown-plugin-gfm/-/turndown-plugin-gfm-1.0.2.tgz",
      "integrity": "sha512-vwz9tfvF7XN/jE0dGoBei3FXWuvll78ohzCZQuOb+ZjWrs3a0XhQVomJEb2Qh4VHTPNRO4GPZh0V7VRbiWwkRg==",
      "license": "MIT"
    },
    "node_modules/vanilla-colorful": {
      "version": "0.7.2",
      "resolved": "https://registry.npmjs.org/vanilla-colorful/-/vanilla-colorful-0.7.2.tgz",
      "integrity": "sha512-z2YZusTFC6KnLERx1cgoIRX2CjPRP0W75N+3CC6gbvdX5Ch47rZkEMGO2Xnf+IEmi3RiFLxS18gayMA27iU7Kg==",
      "license": "MIT"
    }
  }
}
